
Microsoft Visual Studio Solution File, Format Version 12.00
# Visual Studio Version 17
VisualStudioVersion = 17.7.34031.279
MinimumVisualStudioVersion = 10.0.40219.1
Project("{FAE04EC0-301F-11D3-BF4B-00C04F79EFBC}") = "API", "API\API.csproj", "{FB2C07A9-916C-4E95-802E-418B6679DBF1}"
EndProject
Global
	GlobalSection(SolutionConfigurationPlatforms) = preSolution
		Debug|Any CPU = Debug|Any CPU
		Release|Any CPU = Release|Any CPU
	EndGlobalSection
	GlobalSection(ProjectConfigurationPlatforms) = postSolution
		{FB2C07A9-916C-4E95-802E-418B6679DBF1}.Debug|Any CPU.ActiveCfg = Debug|Any CPU
		{FB2C07A9-916C-4E95-802E-418B6679DBF1}.Debug|Any CPU.Build.0 = Debug|Any CPU
		{FB2C07A9-916C-4E95-802E-418B6679DBF1}.Release|Any CPU.ActiveCfg = Release|Any CPU
		{FB2C07A9-916C-4E95-802E-418B6679DBF1}.Release|Any CPU.Build.0 = Release|Any CPU
	EndGlobalSection
	GlobalSection(SolutionProperties) = preSolution
		HideSolutionNode = FALSE
	EndGlobalSection
	GlobalSection(ExtensibilityGlobals) = postSolution
		SolutionGuid = {ED4855DD-DE93-472D-AB16-D9EEF77C557D}
	EndGlobalSection
EndGlobal
